{
    "_meta": {
        "hash": {
            "sha256": "c892e6556dbc0432a7f1001f4548b1e76848f940f4f7e65bd01158d03da9d82a"
        },
        "pipfile-spec": 6,
        "requires": {
            "python_version": "3.7"
        },
        "sources": [
            {
                "name": "pypi",
                "url": "https://pypi.org/simple",
                "verify_ssl": true
            }
        ]
    },
    "default": {
        "bibo": {
            "hashes": [
                "sha256:ae1f383187a36ac63309b79052f3d59aedb040061d90428be9d4dbd5dee2029b"
            ],
            "version": "==0.0.7"
        },
        "bibo-mark-read": {
            "editable": true,
            "path": "."
        },
        "click": {
            "hashes": [
                "sha256:2335065e6395b9e67ca716de5f7526736bfa6ceead690adf616d925bdc622b13",
                "sha256:5b94b49521f6456670fdb30cd82a4eca9412788a93fa6dd6df72c94d5a8ff2d7"
            ],
            "version": "==7.0"
        },
        "click-plugins": {
            "hashes": [
                "sha256:b1ee1ccc9421c73007fe290680d97984eb6eaf5f4512b7620c6aa46031d6cb6b",
                "sha256:dfed74b5063546a137de99baaaf742b4de4337ad2b3e1df5ec7c8a256adc0847"
            ],
            "version": "==1.0.4"
        },
        "pybibs": {
            "hashes": [
                "sha256:415dacf8dc1bfcf9ed9d2d78f283c8906e048ec3115c2cea2d5977a7050c559c",
                "sha256:cb20d78287ebc769a52d52f462f05d6d486dc0f97ae8926d477382fbd615ce69"
            ],
            "version": "==0.0.3"
        },
        "pyperclip": {
            "hashes": [
                "sha256:979325468ccf682104d5dcaf753f869868100631301d3e72f47babdea5700d1c"
            ],
            "version": "==1.7.0"
        }
    },
    "develop": {}
}
